{
  "version": 4,
  "terraform_version": "1.3.9",
  "serial": 11,
  "lineage": "27b593af-c4aa-1c3c-9fd9-77031934a969",
  "outputs": {
    "resource_group_id": {
      "value": "/subscriptions/7f7913fc-35da-41b9-89d8-35650c9b2b9e/resourceGroups/jlgf-resource_group",
      "type": "string"
    },
    "vm_id": {
      "value": "/subscriptions/7f7913fc-35da-41b9-89d8-35650c9b2b9e/resourceGroups/jlgf-resource_group/providers/Microsoft.Compute/virtualMachines/vm01",
      "type": "string"
    }
  },
  "resources": [
    {
      "mode": "managed",
      "type": "azurerm_linux_virtual_machine",
      "name": "vm",
      "provider": "provider[\"registry.terraform.io/hashicorp/azurerm\"]",
      "instances": [
        {
          "schema_version": 0,
          "attributes": {
            "additional_capabilities": [],
            "admin_password": null,
            "admin_ssh_key": [
              {
                "public_key": "ssh-rsa AAAAB3NzaC1yc2EAAAADAQABAAABgQDDaTU+k1IRb4KiIZgL6HhNTygVeuIAiAc5jES5qP2SpfEdT/FkdqgH9jP5xvUpyJUB2TelPE4sMilRGQ61iBzLXnH9T1nkOlqzmyAv7nja+Ra6gr4vvGqeRqGmRTp/2J27b9IbrbPEL6SrHwEPMtjlSC/KOPY3J8KVw8ETwt2+UswouhiNsUE77Jq2J2mDzPcBVpZhQX64uLzIDuC4kV8w2U93vVmX++NsGlAohHOMlrZEsBFhuTHQKzoimS9+mAcj205ij1D2NdKI/9/0qDTtlGVRjjkp/FcyLb5OdzeIR+Ur9RWFe8ZuXEUHaqNhXHDx7F30EMVZvWhoGezBZk2Rd7CfPL2oS0hJC/bm+7J8htS+xJpT9//x85vSxJ+BBQlbejpy6paXOvg/VXOHw2s5TC0g1QbpnWyhMASh5/EkQVraB9YLGurZxK6Q+Y4epqt1c22GaWMvDNuymWHiCfBiaYlwsaoHJNBtw0OyxFu2kLHX8cZneWo6U98Wh5ZoJn0= root@practicadevops\n",
                "username": "azureuser"
              }
            ],
            "admin_username": "azureuser",
            "allow_extension_operations": true,
            "availability_set_id": "",
            "boot_diagnostics": [],
            "computer_name": "vm01",
            "custom_data": null,
            "dedicated_host_group_id": "",
            "dedicated_host_id": "",
            "disable_password_authentication": true,
            "edge_zone": "",
            "encryption_at_host_enabled": false,
            "eviction_policy": "",
            "extensions_time_budget": "PT1H30M",
            "id": "/subscriptions/7f7913fc-35da-41b9-89d8-35650c9b2b9e/resourceGroups/jlgf-resource_group/providers/Microsoft.Compute/virtualMachines/vm01",
            "identity": [],
            "license_type": "",
            "location": "uksouth",
            "max_bid_price": -1,
            "name": "vm01",
            "network_interface_ids": [
              "/subscriptions/7f7913fc-35da-41b9-89d8-35650c9b2b9e/resourceGroups/jlgf-resource_group/providers/Microsoft.Network/networkInterfaces/vnic"
            ],
            "os_disk": [
              {
                "caching": "ReadWrite",
                "diff_disk_settings": [],
                "disk_encryption_set_id": "",
                "disk_size_gb": 30,
                "name": "vm01_OsDisk_1_f2dc7c4ffb3e4a6d991917e6b07ed0df",
                "secure_vm_disk_encryption_set_id": "",
                "security_encryption_type": "",
                "storage_account_type": "Standard_LRS",
                "write_accelerator_enabled": false
              }
            ],
            "patch_mode": "ImageDefault",
            "plan": [
              {
                "name": "centos-8-stream-free",
                "product": "centos-8-stream-free",
                "publisher": "cognosys"
              }
            ],
            "platform_fault_domain": -1,
            "priority": "Regular",
            "private_ip_address": "20.0.2.4",
            "private_ip_addresses": [
              "20.0.2.4"
            ],
            "provision_vm_agent": true,
            "proximity_placement_group_id": "",
            "public_ip_address": "",
            "public_ip_addresses": [],
            "resource_group_name": "jlgf-resource_group",
            "secret": [],
            "secure_boot_enabled": false,
            "size": "Standard_F2",
            "source_image_id": "",
            "source_image_reference": [
              {
                "offer": "centos-8-stream-free",
                "publisher": "cognosys",
                "sku": "centos-8-stream-free",
                "version": "22.03.28"
              }
            ],
            "tags": null,
            "termination_notification": null,
            "timeouts": null,
            "user_data": "",
            "virtual_machine_id": "6fad6351-5311-4508-8f90-21f122f1fa59",
            "virtual_machine_scale_set_id": "",
            "vtpm_enabled": false,
            "zone": ""
          },
          "sensitive_attributes": [],
          "private": "eyJlMmJmYjczMC1lY2FhLTExZTYtOGY4OC0zNDM2M2JjN2M0YzAiOnsiY3JlYXRlIjoyNzAwMDAwMDAwMDAwLCJkZWxldGUiOjI3MDAwMDAwMDAwMDAsInJlYWQiOjMwMDAwMDAwMDAwMCwidXBkYXRlIjoyNzAwMDAwMDAwMDAwfX0=",
          "dependencies": [
            "azurerm_network_interface.nic",
            "azurerm_resource_group.jlgf"
          ]
        }
      ]
    },
    {
      "mode": "managed",
      "type": "azurerm_network_interface",
      "name": "nic",
      "provider": "provider[\"registry.terraform.io/hashicorp/azurerm\"]",
      "instances": [
        {
          "schema_version": 0,
          "attributes": {
            "applied_dns_servers": [],
            "dns_servers": [],
            "edge_zone": "",
            "enable_accelerated_networking": false,
            "enable_ip_forwarding": false,
            "id": "/subscriptions/7f7913fc-35da-41b9-89d8-35650c9b2b9e/resourceGroups/jlgf-resource_group/providers/Microsoft.Network/networkInterfaces/vnic",
            "internal_dns_name_label": "",
            "internal_domain_name_suffix": "fu4frck220iupfn5bmuw1me0ng.zx.internal.cloudapp.net",
            "ip_configuration": [
              {
                "gateway_load_balancer_frontend_ip_configuration_id": "",
                "name": "internal",
                "primary": true,
                "private_ip_address": "20.0.2.4",
                "private_ip_address_allocation": "Dynamic",
                "private_ip_address_version": "IPv4",
                "public_ip_address_id": "",
                "subnet_id": "/subscriptions/7f7913fc-35da-41b9-89d8-35650c9b2b9e/resourceGroups/jlgf-resource_group/providers/Microsoft.Network/virtualNetworks/vnet1/subnets/subnet1"
              }
            ],
            "location": "uksouth",
            "mac_address": "",
            "name": "vnic",
            "private_ip_address": "20.0.2.4",
            "private_ip_addresses": [
              "20.0.2.4"
            ],
            "resource_group_name": "jlgf-resource_group",
            "tags": {},
            "timeouts": null,
            "virtual_machine_id": ""
          },
          "sensitive_attributes": [],
          "private": "eyJlMmJmYjczMC1lY2FhLTExZTYtOGY4OC0zNDM2M2JjN2M0YzAiOnsiY3JlYXRlIjoxODAwMDAwMDAwMDAwLCJkZWxldGUiOjE4MDAwMDAwMDAwMDAsInJlYWQiOjMwMDAwMDAwMDAwMCwidXBkYXRlIjoxODAwMDAwMDAwMDAwfX0=",
          "dependencies": [
            "azurerm_resource_group.jlgf",
            "azurerm_subnet.subnet",
            "azurerm_virtual_network.vnet"
          ]
        }
      ]
    },
    {
      "mode": "managed",
      "type": "azurerm_network_security_group",
      "name": "jlgf_ssh",
      "provider": "provider[\"registry.terraform.io/hashicorp/azurerm\"]",
      "instances": [
        {
          "schema_version": 0,
          "attributes": {
            "id": "/subscriptions/7f7913fc-35da-41b9-89d8-35650c9b2b9e/resourceGroups/jlgf-resource_group/providers/Microsoft.Network/networkSecurityGroups/myNetworkSecurityGroup",
            "location": "uksouth",
            "name": "myNetworkSecurityGroup",
            "resource_group_name": "jlgf-resource_group",
            "security_rule": [
              {
                "access": "Allow",
                "description": "",
                "destination_address_prefix": "*",
                "destination_address_prefixes": [],
                "destination_application_security_group_ids": [],
                "destination_port_range": "22",
                "destination_port_ranges": [],
                "direction": "Inbound",
                "name": "SSH",
                "priority": 1001,
                "protocol": "Tcp",
                "source_address_prefix": "*",
                "source_address_prefixes": [],
                "source_application_security_group_ids": [],
                "source_port_range": "*",
                "source_port_ranges": []
              },
              {
                "access": "Allow",
                "description": "",
                "destination_address_prefix": "*",
                "destination_address_prefixes": [],
                "destination_application_security_group_ids": [],
                "destination_port_range": "8080",
                "destination_port_ranges": [],
                "direction": "Inbound",
                "name": "http",
                "priority": 1002,
                "protocol": "Tcp",
                "source_address_prefix": "*",
                "source_address_prefixes": [],
                "source_application_security_group_ids": [],
                "source_port_range": "*",
                "source_port_ranges": []
              }
            ],
            "tags": {},
            "timeouts": null
          },
          "sensitive_attributes": [],
          "private": "eyJlMmJmYjczMC1lY2FhLTExZTYtOGY4OC0zNDM2M2JjN2M0YzAiOnsiY3JlYXRlIjoxODAwMDAwMDAwMDAwLCJkZWxldGUiOjE4MDAwMDAwMDAwMDAsInJlYWQiOjMwMDAwMDAwMDAwMCwidXBkYXRlIjoxODAwMDAwMDAwMDAwfX0=",
          "dependencies": [
            "azurerm_resource_group.jlgf"
          ]
        }
      ]
    },
    {
      "mode": "managed",
      "type": "azurerm_public_ip",
      "name": "pip",
      "provider": "provider[\"registry.terraform.io/hashicorp/azurerm\"]",
      "instances": [
        {
          "schema_version": 0,
          "attributes": {
            "allocation_method": "Static",
            "domain_name_label": null,
            "edge_zone": "",
            "fqdn": null,
            "id": "/subscriptions/7f7913fc-35da-41b9-89d8-35650c9b2b9e/resourceGroups/jlgf-resource_group/providers/Microsoft.Network/publicIPAddresses/VIP",
            "idle_timeout_in_minutes": 4,
            "ip_address": "20.0.224.251",
            "ip_tags": {},
            "ip_version": "IPv4",
            "location": "uksouth",
            "name": "VIP",
            "public_ip_prefix_id": null,
            "resource_group_name": "jlgf-resource_group",
            "reverse_fqdn": null,
            "sku": "Standard",
            "sku_tier": "Regional",
            "tags": {},
            "timeouts": null,
            "zones": []
          },
          "sensitive_attributes": [],
          "private": "eyJlMmJmYjczMC1lY2FhLTExZTYtOGY4OC0zNDM2M2JjN2M0YzAiOnsiY3JlYXRlIjoxODAwMDAwMDAwMDAwLCJkZWxldGUiOjE4MDAwMDAwMDAwMDAsInJlYWQiOjMwMDAwMDAwMDAwMCwidXBkYXRlIjoxODAwMDAwMDAwMDAwfX0=",
          "dependencies": [
            "azurerm_resource_group.jlgf"
          ]
        }
      ]
    },
    {
      "mode": "managed",
      "type": "azurerm_resource_group",
      "name": "jlgf",
      "provider": "provider[\"registry.terraform.io/hashicorp/azurerm\"]",
      "instances": [
        {
          "schema_version": 0,
          "attributes": {
            "id": "/subscriptions/7f7913fc-35da-41b9-89d8-35650c9b2b9e/resourceGroups/jlgf-resource_group",
            "location": "uksouth",
            "name": "jlgf-resource_group",
            "tags": {},
            "timeouts": null
          },
          "sensitive_attributes": [],
          "private": "eyJlMmJmYjczMC1lY2FhLTExZTYtOGY4OC0zNDM2M2JjN2M0YzAiOnsiY3JlYXRlIjo1NDAwMDAwMDAwMDAwLCJkZWxldGUiOjU0MDAwMDAwMDAwMDAsInJlYWQiOjMwMDAwMDAwMDAwMCwidXBkYXRlIjo1NDAwMDAwMDAwMDAwfX0="
        }
      ]
    },
    {
      "mode": "managed",
      "type": "azurerm_subnet",
      "name": "subnet",
      "provider": "provider[\"registry.terraform.io/hashicorp/azurerm\"]",
      "instances": [
        {
          "schema_version": 0,
          "attributes": {
            "address_prefixes": [
              "20.0.2.0/24"
            ],
            "delegation": [],
            "enforce_private_link_endpoint_network_policies": false,
            "enforce_private_link_service_network_policies": false,
            "id": "/subscriptions/7f7913fc-35da-41b9-89d8-35650c9b2b9e/resourceGroups/jlgf-resource_group/providers/Microsoft.Network/virtualNetworks/vnet1/subnets/subnet1",
            "name": "subnet1",
            "resource_group_name": "jlgf-resource_group",
            "service_endpoint_policy_ids": [],
            "service_endpoints": [],
            "timeouts": null,
            "virtual_network_name": "vnet1"
          },
          "sensitive_attributes": [],
          "private": "eyJlMmJmYjczMC1lY2FhLTExZTYtOGY4OC0zNDM2M2JjN2M0YzAiOnsiY3JlYXRlIjoxODAwMDAwMDAwMDAwLCJkZWxldGUiOjE4MDAwMDAwMDAwMDAsInJlYWQiOjMwMDAwMDAwMDAwMCwidXBkYXRlIjoxODAwMDAwMDAwMDAwfX0=",
          "dependencies": [
            "azurerm_resource_group.jlgf",
            "azurerm_virtual_network.vnet"
          ]
        }
      ]
    },
    {
      "mode": "managed",
      "type": "azurerm_subnet_network_security_group_association",
      "name": "jlgf_ssh",
      "provider": "provider[\"registry.terraform.io/hashicorp/azurerm\"]",
      "instances": [
        {
          "schema_version": 0,
          "attributes": {
            "id": "/subscriptions/7f7913fc-35da-41b9-89d8-35650c9b2b9e/resourceGroups/jlgf-resource_group/providers/Microsoft.Network/virtualNetworks/vnet1/subnets/subnet1",
            "network_security_group_id": "/subscriptions/7f7913fc-35da-41b9-89d8-35650c9b2b9e/resourceGroups/jlgf-resource_group/providers/Microsoft.Network/networkSecurityGroups/myNetworkSecurityGroup",
            "subnet_id": "/subscriptions/7f7913fc-35da-41b9-89d8-35650c9b2b9e/resourceGroups/jlgf-resource_group/providers/Microsoft.Network/virtualNetworks/vnet1/subnets/subnet1",
            "timeouts": null
          },
          "sensitive_attributes": [],
          "private": "eyJlMmJmYjczMC1lY2FhLTExZTYtOGY4OC0zNDM2M2JjN2M0YzAiOnsiY3JlYXRlIjoxODAwMDAwMDAwMDAwLCJkZWxldGUiOjE4MDAwMDAwMDAwMDAsInJlYWQiOjMwMDAwMDAwMDAwMCwidXBkYXRlIjoxODAwMDAwMDAwMDAwfX0=",
          "dependencies": [
            "azurerm_network_security_group.jlgf_ssh",
            "azurerm_resource_group.jlgf",
            "azurerm_subnet.subnet",
            "azurerm_virtual_network.vnet"
          ]
        }
      ]
    },
    {
      "mode": "managed",
      "type": "azurerm_virtual_network",
      "name": "vnet",
      "provider": "provider[\"registry.terraform.io/hashicorp/azurerm\"]",
      "instances": [
        {
          "schema_version": 0,
          "attributes": {
            "address_space": [
              "20.0.0.0/16"
            ],
            "bgp_community": "",
            "ddos_protection_plan": [],
            "dns_servers": [],
            "edge_zone": "",
            "flow_timeout_in_minutes": 0,
            "guid": "89583c2d-e65c-4791-95bf-0b296db09a6e",
            "id": "/subscriptions/7f7913fc-35da-41b9-89d8-35650c9b2b9e/resourceGroups/jlgf-resource_group/providers/Microsoft.Network/virtualNetworks/vnet1",
            "location": "uksouth",
            "name": "vnet1",
            "resource_group_name": "jlgf-resource_group",
            "subnet": [
              {
                "address_prefix": "20.0.2.0/24",
                "id": "/subscriptions/7f7913fc-35da-41b9-89d8-35650c9b2b9e/resourceGroups/jlgf-resource_group/providers/Microsoft.Network/virtualNetworks/vnet1/subnets/subnet1",
                "name": "subnet1",
                "security_group": "/subscriptions/7f7913fc-35da-41b9-89d8-35650c9b2b9e/resourceGroups/jlgf-resource_group/providers/Microsoft.Network/networkSecurityGroups/myNetworkSecurityGroup"
              }
            ],
            "tags": {},
            "timeouts": null
          },
          "sensitive_attributes": [],
          "private": "eyJlMmJmYjczMC1lY2FhLTExZTYtOGY4OC0zNDM2M2JjN2M0YzAiOnsiY3JlYXRlIjoxODAwMDAwMDAwMDAwLCJkZWxldGUiOjE4MDAwMDAwMDAwMDAsInJlYWQiOjMwMDAwMDAwMDAwMCwidXBkYXRlIjoxODAwMDAwMDAwMDAwfX0=",
          "dependencies": [
            "azurerm_resource_group.jlgf"
          ]
        }
      ]
    }
  ],
  "check_results": null
}
